
Microsoft Visual Studio Solution File, Format Version 12.00
# Visual Studio Version 17
VisualStudioVersion = 17.0.31903.59
MinimumVisualStudioVersion = 10.0.40219.1
Project("{9A19103F-16F7-4668-BE54-9A1E7A4F7556}") = "Hub", "Hub\Hub.csproj", "{C669A63E-B14C-434A-A565-9BD0EA55D8BA}"
EndProject
Global
	GlobalSection(SolutionConfigurationPlatforms) = preSolution
		Debug|Any CPU = Debug|Any CPU
		Release|Any CPU = Release|Any CPU
	EndGlobalSection
	GlobalSection(ProjectConfigurationPlatforms) = postSolution
		{C669A63E-B14C-434A-A565-9BD0EA55D8BA}.Debug|Any CPU.ActiveCfg = Debug|Any CPU
		{C669A63E-B14C-434A-A565-9BD0EA55D8BA}.Debug|Any CPU.Build.0 = Debug|Any CPU
		{C669A63E-B14C-434A-A565-9BD0EA55D8BA}.Release|Any CPU.ActiveCfg = Release|Any CPU
		{C669A63E-B14C-434A-A565-9BD0EA55D8BA}.Release|Any CPU.Build.0 = Release|Any CPU
	EndGlobalSection
	GlobalSection(SolutionProperties) = preSolution
		HideSolutionNode = FALSE
	EndGlobalSection
	GlobalSection(ExtensibilityGlobals) = postSolution
		SolutionGuid = {DF7074CE-189D-4736-8D63-95373A390080}
	EndGlobalSection
EndGlobal
